# This file is automatically @generated by Cargo.
# It is not intended for manual editing.
version = 3

[[package]]
name = "microservice_1"
version = "0.1.0"

[[package]]
name = "microservice_2"
version = "0.1.0"

[[package]]
name = "rust-microservice-architecture"
version = "0.1.0"
dependencies = [
 "microservice_1",
 "microservice_2",
]
